
Microsoft Visual Studio Solution File, Format Version 12.00
# Visual Studio Version 17
VisualStudioVersion = 17.3.32811.315
MinimumVisualStudioVersion = 10.0.40219.1
Project("{2150E333-8FDC-42A3-9474-1A3956D46DE8}") = "MyCheatSheets", "MyCheatSheets", "{1AAE353C-E01F-4D30-815D-1F023EA025C3}"
EndProject
Project("{9A19103F-16F7-4668-BE54-9A1E7A4F7556}") = "Arkashova.ShapesTask", "Arkashova.ShapesTask\Arkashova.ShapesTask.csproj", "{172FA2B7-9A1D-4241-9AB2-5DF28E86D232}"
EndProject
Project("{9A19103F-16F7-4668-BE54-9A1E7A4F7556}") = "Arkashova.CsvTask", "Arkashova.CsvTask\Arkashova.CsvTask.csproj", "{0B2451B2-7D02-457B-844E-F030325D55CA}"
EndProject
Project("{9A19103F-16F7-4668-BE54-9A1E7A4F7556}") = "Arkashova.VectorTask", "Arkashova.VectorTask\Arkashova.VectorTask.csproj", "{922E7720-8DAC-44CB-A012-57095ADE0BE5}"
EndProject
Project("{9A19103F-16F7-4668-BE54-9A1E7A4F7556}") = "Arkashova.RangeTask", "Arkashova.RangeTask\Arkashova.RangeTask.csproj", "{BC76F64B-DAB2-4320-AD7B-FFC8D0FE9A5B}"
EndProject
Project("{9A19103F-16F7-4668-BE54-9A1E7A4F7556}") = "AboutClasses", "AboutClasses\AboutClasses.csproj", "{30A1E1F7-AEF2-41D2-A412-140A74BAA4B6}"
EndProject
Project("{9A19103F-16F7-4668-BE54-9A1E7A4F7556}") = "AboutInheritance", "AboutInheritance\AboutInheritance.csproj", "{F9A15984-FFEC-478D-9212-453A26809BC7}"
EndProject
Project("{9A19103F-16F7-4668-BE54-9A1E7A4F7556}") = "Arkashova.MatrixTask", "Arkashova.MatrixTask\Arkashova.MatrixTask.csproj", "{1A730A57-A9AC-45DC-BBDE-5F2B0E542916}"
EndProject
Project("{FAE04EC0-301F-11D3-BF4B-00C04F79EFBC}") = "Arkashova.ArrayListHomeTask", "Arkashova.ArrayListHomeTask\Arkashova.ArrayListHomeTask.csproj", "{D7467F41-14FA-4E65-8ED9-53F6FA89A63E}"
EndProject
Global
	GlobalSection(SolutionConfigurationPlatforms) = preSolution
		Debug|Any CPU = Debug|Any CPU
		Release|Any CPU = Release|Any CPU
	EndGlobalSection
	GlobalSection(ProjectConfigurationPlatforms) = postSolution
		{172FA2B7-9A1D-4241-9AB2-5DF28E86D232}.Debug|Any CPU.ActiveCfg = Debug|Any CPU
		{172FA2B7-9A1D-4241-9AB2-5DF28E86D232}.Debug|Any CPU.Build.0 = Debug|Any CPU
		{172FA2B7-9A1D-4241-9AB2-5DF28E86D232}.Release|Any CPU.ActiveCfg = Release|Any CPU
		{172FA2B7-9A1D-4241-9AB2-5DF28E86D232}.Release|Any CPU.Build.0 = Release|Any CPU
		{0B2451B2-7D02-457B-844E-F030325D55CA}.Debug|Any CPU.ActiveCfg = Debug|Any CPU
		{0B2451B2-7D02-457B-844E-F030325D55CA}.Debug|Any CPU.Build.0 = Debug|Any CPU
		{0B2451B2-7D02-457B-844E-F030325D55CA}.Release|Any CPU.ActiveCfg = Release|Any CPU
		{0B2451B2-7D02-457B-844E-F030325D55CA}.Release|Any CPU.Build.0 = Release|Any CPU
		{922E7720-8DAC-44CB-A012-57095ADE0BE5}.Debug|Any CPU.ActiveCfg = Debug|Any CPU
		{922E7720-8DAC-44CB-A012-57095ADE0BE5}.Debug|Any CPU.Build.0 = Debug|Any CPU
		{922E7720-8DAC-44CB-A012-57095ADE0BE5}.Release|Any CPU.ActiveCfg = Release|Any CPU
		{922E7720-8DAC-44CB-A012-57095ADE0BE5}.Release|Any CPU.Build.0 = Release|Any CPU
		{BC76F64B-DAB2-4320-AD7B-FFC8D0FE9A5B}.Debug|Any CPU.ActiveCfg = Debug|Any CPU
		{BC76F64B-DAB2-4320-AD7B-FFC8D0FE9A5B}.Debug|Any CPU.Build.0 = Debug|Any CPU
		{BC76F64B-DAB2-4320-AD7B-FFC8D0FE9A5B}.Release|Any CPU.ActiveCfg = Release|Any CPU
		{BC76F64B-DAB2-4320-AD7B-FFC8D0FE9A5B}.Release|Any CPU.Build.0 = Release|Any CPU
		{30A1E1F7-AEF2-41D2-A412-140A74BAA4B6}.Debug|Any CPU.ActiveCfg = Debug|Any CPU
		{30A1E1F7-AEF2-41D2-A412-140A74BAA4B6}.Debug|Any CPU.Build.0 = Debug|Any CPU
		{30A1E1F7-AEF2-41D2-A412-140A74BAA4B6}.Release|Any CPU.ActiveCfg = Release|Any CPU
		{30A1E1F7-AEF2-41D2-A412-140A74BAA4B6}.Release|Any CPU.Build.0 = Release|Any CPU
		{F9A15984-FFEC-478D-9212-453A26809BC7}.Debug|Any CPU.ActiveCfg = Debug|Any CPU
		{F9A15984-FFEC-478D-9212-453A26809BC7}.Debug|Any CPU.Build.0 = Debug|Any CPU
		{F9A15984-FFEC-478D-9212-453A26809BC7}.Release|Any CPU.ActiveCfg = Release|Any CPU
		{F9A15984-FFEC-478D-9212-453A26809BC7}.Release|Any CPU.Build.0 = Release|Any CPU
		{1A730A57-A9AC-45DC-BBDE-5F2B0E542916}.Debug|Any CPU.ActiveCfg = Debug|Any CPU
		{1A730A57-A9AC-45DC-BBDE-5F2B0E542916}.Debug|Any CPU.Build.0 = Debug|Any CPU
		{1A730A57-A9AC-45DC-BBDE-5F2B0E542916}.Release|Any CPU.ActiveCfg = Release|Any CPU
		{1A730A57-A9AC-45DC-BBDE-5F2B0E542916}.Release|Any CPU.Build.0 = Release|Any CPU
		{D7467F41-14FA-4E65-8ED9-53F6FA89A63E}.Debug|Any CPU.ActiveCfg = Debug|Any CPU
		{D7467F41-14FA-4E65-8ED9-53F6FA89A63E}.Debug|Any CPU.Build.0 = Debug|Any CPU
		{D7467F41-14FA-4E65-8ED9-53F6FA89A63E}.Release|Any CPU.ActiveCfg = Release|Any CPU
		{D7467F41-14FA-4E65-8ED9-53F6FA89A63E}.Release|Any CPU.Build.0 = Release|Any CPU
	EndGlobalSection
	GlobalSection(SolutionProperties) = preSolution
		HideSolutionNode = FALSE
	EndGlobalSection
	GlobalSection(NestedProjects) = preSolution
		{30A1E1F7-AEF2-41D2-A412-140A74BAA4B6} = {1AAE353C-E01F-4D30-815D-1F023EA025C3}
		{F9A15984-FFEC-478D-9212-453A26809BC7} = {1AAE353C-E01F-4D30-815D-1F023EA025C3}
	EndGlobalSection
	GlobalSection(ExtensibilityGlobals) = postSolution
		SolutionGuid = {4C0BBBBB-85EB-4056-BBD5-2FDDDB2EEAB5}
	EndGlobalSection
EndGlobal
